// !$*UTF8*$!
{
	archiveVersion = 1;
	classes = {
	};
	objectVersion = 51;
	objects = {

/* Begin PBXBuildFile section */
		8E4B690DFC1BEEBFB662D0D1 /* Pods_AnimeNews.framework in Frameworks */ = {isa = PBXBuildFile; fileRef = 804C1A819A0B8E1426ECB4BA /* Pods_AnimeNews.framework */; };
		9472A55425A3F0B900C0D281 /* 1.json in Resources */ = {isa = PBXBuildFile; fileRef = 9472A55325A3F0B900C0D281 /* 1.json */; };
		9472A55A25A3F20900C0D281 /* 2.json in Resources */ = {isa = PBXBuildFile; fileRef = 9472A55925A3F20900C0D281 /* 2.json */; };
		9472A55D25A3F6C700C0D281 /* LoginMovieViewController.swift in Sources */ = {isa = PBXBuildFile; fileRef = 9472A55C25A3F6C700C0D281 /* LoginMovieViewController.swift */; };
		9472A56025A4003900C0D281 /* BaseViewController.swift in Sources */ = {isa = PBXBuildFile; fileRef = 9472A55F25A4003900C0D281 /* BaseViewController.swift */; };
		9472A56325A4061400C0D281 /* Page1ViewController.swift in Sources */ = {isa = PBXBuildFile; fileRef = 9472A56225A4061400C0D281 /* Page1ViewController.swift */; };
		9472A56625A40FF500C0D281 /* NewsItems.swift in Sources */ = {isa = PBXBuildFile; fileRef = 9472A56525A40FF500C0D281 /* NewsItems.swift */; };
		9472A56A25A41A1900C0D281 /* WebViewController.swift in Sources */ = {isa = PBXBuildFile; fileRef = 9472A56925A41A1900C0D281 /* WebViewController.swift */; };
		9472A56D25A41E0200C0D281 /* Page2ViewController.swift in Sources */ = {isa = PBXBuildFile; fileRef = 9472A56C25A41E0200C0D281 /* Page2ViewController.swift */; };
		9472A57025A41E7900C0D281 /* Page3ViewController.swift in Sources */ = {isa = PBXBuildFile; fileRef = 9472A56F25A41E7900C0D281 /* Page3ViewController.swift */; };
		9472A57325A41EAB00C0D281 /* Page4ViewController.swift in Sources */ = {isa = PBXBuildFile; fileRef = 9472A57225A41EAB00C0D281 /* Page4ViewController.swift */; };
		9472A57625A41EC400C0D281 /* Page5ViewController.swift in Sources */ = {isa = PBXBuildFile; fileRef = 9472A57525A41EC400C0D281 /* Page5ViewController.swift */; };
		9472A57925A41F0200C0D281 /* Page6ViewController.swift in Sources */ = {isa = PBXBuildFile; fileRef = 9472A57825A41F0200C0D281 /* Page6ViewController.swift */; };
		9472A58225A4226F00C0D281 /* start.mov in Resources */ = {isa = PBXBuildFile; fileRef = 9472A58125A4226F00C0D281 /* start.mov */; };
		9480379025A32F9000C8C108 /* AppDelegate.swift in Sources */ = {isa = PBXBuildFile; fileRef = 9480378F25A32F9000C8C108 /* AppDelegate.swift */; };
		9480379225A32F9000C8C108 /* SceneDelegate.swift in Sources */ = {isa = PBXBuildFile; fileRef = 9480379125A32F9000C8C108 /* SceneDelegate.swift */; };
		9480379725A32F9000C8C108 /* Main.storyboard in Resources */ = {isa = PBXBuildFile; fileRef = 9480379525A32F9000C8C108 /* Main.storyboard */; };
		9480379925A32F9100C8C108 /* Assets.xcassets in Resources */ = {isa = PBXBuildFile; fileRef = 9480379825A32F9100C8C108 /* Assets.xcassets */; };
		9480379C25A32F9100C8C108 /* LaunchScreen.storyboard in Resources */ = {isa = PBXBuildFile; fileRef = 9480379A25A32F9100C8C108 /* LaunchScreen.storyboard */; };
		948037B525A3396D00C8C108 /* 3.json in Resources */ = {isa = PBXBuildFile; fileRef = 948037AF25A3396D00C8C108 /* 3.json */; };
		948037B625A3396D00C8C108 /* 5.json in Resources */ = {isa = PBXBuildFile; fileRef = 948037B025A3396D00C8C108 /* 5.json */; };
		948037B725A3396D00C8C108 /* 6.json in Resources */ = {isa = PBXBuildFile; fileRef = 948037B125A3396D00C8C108 /* 6.json */; };
		948037B825A3396D00C8C108 /* 4.json in Resources */ = {isa = PBXBuildFile; fileRef = 948037B225A3396D00C8C108 /* 4.json */; };
		948037BC25A339BF00C8C108 /* IntroViewController.swift in Sources */ = {isa = PBXBuildFile; fileRef = 948037BB25A339BF00C8C108 /* IntroViewController.swift */; };
/* End PBXBuildFile section */

/* Begin PBXFileReference section */
		3D6AA08D61B8353F598C1616 /* Pods-AnimeNews.debug.xcconfig */ = {isa = PBXFileReference; includeInIndex = 1; lastKnownFileType = text.xcconfig; name = "Pods-AnimeNews.debug.xcconfig"; path = "Target Support Files/Pods-AnimeNews/Pods-AnimeNews.debug.xcconfig"; sourceTree = "<group>"; };
		5AF74774274420B2A12C84DC /* Pods-AnimeNews.release.xcconfig */ = {isa = PBXFileReference; includeInIndex = 1; lastKnownFileType = text.xcconfig; name = "Pods-AnimeNews.release.xcconfig"; path = "Target Support Files/Pods-AnimeNews/Pods-AnimeNews.release.xcconfig"; sourceTree = "<group>"; };
		804C1A819A0B8E1426ECB4BA /* Pods_AnimeNews.framework */ = {isa = PBXFileReference; explicitFileType = wrapper.framework; includeInIndex = 0; path = Pods_AnimeNews.framework; sourceTree = BUILT_PRODUCTS_DIR; };
		9472A55325A3F0B900C0D281 /* 1.json */ = {isa = PBXFileReference; fileEncoding = 4; lastKnownFileType = text.json; path = 1.json; sourceTree = "<group>"; };
		9472A55925A3F20900C0D281 /* 2.json */ = {isa = PBXFileReference; fileEncoding = 4; lastKnownFileType = text.json; path = 2.json; sourceTree = "<group>"; };
		9472A55C25A3F6C700C0D281 /* LoginMovieViewController.swift */ = {isa = PBXFileReference; lastKnownFileType = sourcecode.swift; path = LoginMovieViewController.swift; sourceTree = "<group>"; };
		9472A55F25A4003900C0D281 /* BaseViewController.swift */ = {isa = PBXFileReference; lastKnownFileType = sourcecode.swift; path = BaseViewController.swift; sourceTree = "<group>"; };
		9472A56225A4061400C0D281 /* Page1ViewController.swift */ = {isa = PBXFileReference; lastKnownFileType = sourcecode.swift; path = Page1ViewController.swift; sourceTree = "<group>"; };
		9472A56525A40FF500C0D281 /* NewsItems.swift */ = {isa = PBXFileReference; lastKnownFileType = sourcecode.swift; path = NewsItems.swift; sourceTree = "<group>"; };
		9472A56925A41A1900C0D281 /* WebViewController.swift */ = {isa = PBXFileReference; lastKnownFileType = sourcecode.swift; path = WebViewController.swift; sourceTree = "<group>"; };
		9472A56C25A41E0200C0D281 /* Page2ViewController.swift */ = {isa = PBXFileReference; lastKnownFileType = sourcecode.swift; path = Page2ViewController.swift; sourceTree = "<group>"; };
		9472A56F25A41E7900C0D281 /* Page3ViewController.swift */ = {isa = PBXFileReference; lastKnownFileType = sourcecode.swift; path = Page3ViewController.swift; sourceTree = "<group>"; };
		9472A57225A41EAB00C0D281 /* Page4ViewController.swift */ = {isa = PBXFileReference; lastKnownFileType = sourcecode.swift; path = Page4ViewController.swift; sourceTree = "<group>"; };
		9472A57525A41EC400C0D281 /* Page5ViewController.swift */ = {isa = PBXFileReference; lastKnownFileType = sourcecode.swift; path = Page5ViewController.swift; sourceTree = "<group>"; };
		9472A57825A41F0200C0D281 /* Page6ViewController.swift */ = {isa = PBXFileReference; lastKnownFileType = sourcecode.swift; path = Page6ViewController.swift; sourceTree = "<group>"; };
		9472A58125A4226F00C0D281 /* start.mov */ = {isa = PBXFileReference; lastKnownFileType = video.quicktime; path = start.mov; sourceTree = "<group>"; };
		9480378C25A32F9000C8C108 /* AnimeNews.app */ = {isa = PBXFileReference; explicitFileType = wrapper.application; includeInIndex = 0; path = AnimeNews.app; sourceTree = BUILT_PRODUCTS_DIR; };
		9480378F25A32F9000C8C108 /* AppDelegate.swift */ = {isa = PBXFileReference; lastKnownFileType = sourcecode.swift; path = AppDelegate.swift; sourceTree = "<group>"; };
		9480379125A32F9000C8C108 /* SceneDelegate.swift */ = {isa = PBXFileReference; lastKnownFileType = sourcecode.swift; path = SceneDelegate.swift; sourceTree = "<group>"; };
		9480379625A32F9000C8C108 /* Base */ = {isa = PBXFileReference; lastKnownFileType = file.storyboard; name = Base; path = Base.lproj/Main.storyboard; sourceTree = "<group>"; };
		9480379825A32F9100C8C108 /* Assets.xcassets */ = {isa = PBXFileReference; lastKnownFileType = folder.assetcatalog; path = Assets.xcassets; sourceTree = "<group>"; };
		9480379B25A32F9100C8C108 /* Base */ = {isa = PBXFileReference; lastKnownFileType = file.storyboard; name = Base; path = Base.lproj/LaunchScreen.storyboard; sourceTree = "<group>"; };
		9480379D25A32F9100C8C108 /* Info.plist */ = {isa = PBXFileReference; lastKnownFileType = text.plist.xml; path = Info.plist; sourceTree = "<group>"; };
		948037AF25A3396D00C8C108 /* 3.json */ = {isa = PBXFileReference; fileEncoding = 4; lastKnownFileType = text.json; path = 3.json; sourceTree = "<group>"; };
		948037B025A3396D00C8C108 /* 5.json */ = {isa = PBXFileReference; fileEncoding = 4; lastKnownFileType = text.json; path = 5.json; sourceTree = "<group>"; };
		948037B125A3396D00C8C108 /* 6.json */ = {isa = PBXFileReference; fileEncoding = 4; lastKnownFileType = text.json; path = 6.json; sourceTree = "<group>"; };
		948037B225A3396D00C8C108 /* 4.json */ = {isa = PBXFileReference; fileEncoding = 4; lastKnownFileType = text.json; path = 4.json; sourceTree = "<group>"; };
		948037BB25A339BF00C8C108 /* IntroViewController.swift */ = {isa = PBXFileReference; lastKnownFileType = sourcecode.swift; path = IntroViewController.swift; sourceTree = "<group>"; };
/* End PBXFileReference section */

/* Begin PBXFrameworksBuildPhase section */
		9480378925A32F9000C8C108 /* Frameworks */ = {
			isa = PBXFrameworksBuildPhase;
			buildActionMask = 2147483647;
			files = (
				8E4B690DFC1BEEBFB662D0D1 /* Pods_AnimeNews.framework in Frameworks */,
			);
			runOnlyForDeploymentPostprocessing = 0;
		};
/* End PBXFrameworksBuildPhase section */

/* Begin PBXGroup section */
		28B25F05BF29B271EB88E291 /* Frameworks */ = {
			isa = PBXGroup;
			children = (
				804C1A819A0B8E1426ECB4BA /* Pods_AnimeNews.framework */,
			);
			name = Frameworks;
			sourceTree = "<group>";
		};
		9480378325A32F9000C8C108 = {
			isa = PBXGroup;
			children = (
				9480378E25A32F9000C8C108 /* AnimeNews */,
				9480378D25A32F9000C8C108 /* Products */,
				FA73896F484806AE0622042F /* Pods */,
				28B25F05BF29B271EB88E291 /* Frameworks */,
			);
			sourceTree = "<group>";
		};
		9480378D25A32F9000C8C108 /* Products */ = {
			isa = PBXGroup;
			children = (
				9480378C25A32F9000C8C108 /* AnimeNews.app */,
			);
			name = Products;
			sourceTree = "<group>";
		};
		9480378E25A32F9000C8C108 /* AnimeNews */ = {
			isa = PBXGroup;
			children = (
				948037AC25A3387100C8C108 /* Modle */,
				948037AA25A3386100C8C108 /* Controller */,
				948037AB25A3386B00C8C108 /* View */,
				9480379D25A32F9100C8C108 /* Info.plist */,
				9472A55325A3F0B900C0D281 /* 1.json */,
				9472A55925A3F20900C0D281 /* 2.json */,
				948037AF25A3396D00C8C108 /* 3.json */,
				948037B225A3396D00C8C108 /* 4.json */,
				948037B025A3396D00C8C108 /* 5.json */,
				948037B125A3396D00C8C108 /* 6.json */,
			);
			path = AnimeNews;
			sourceTree = "<group>";
		};
		948037AA25A3386100C8C108 /* Controller */ = {
			isa = PBXGroup;
			children = (
				9480378F25A32F9000C8C108 /* AppDelegate.swift */,
				9480379125A32F9000C8C108 /* SceneDelegate.swift */,
				948037BB25A339BF00C8C108 /* IntroViewController.swift */,
				9472A55C25A3F6C700C0D281 /* LoginMovieViewController.swift */,
				9472A55F25A4003900C0D281 /* BaseViewController.swift */,
				9472A56225A4061400C0D281 /* Page1ViewController.swift */,
				9472A56C25A41E0200C0D281 /* Page2ViewController.swift */,
				9472A56F25A41E7900C0D281 /* Page3ViewController.swift */,
				9472A57225A41EAB00C0D281 /* Page4ViewController.swift */,
				9472A57525A41EC400C0D281 /* Page5ViewController.swift */,
				9472A57825A41F0200C0D281 /* Page6ViewController.swift */,
				9472A56925A41A1900C0D281 /* WebViewController.swift */,
			);
			path = Controller;
			sourceTree = "<group>";
		};
		948037AB25A3386B00C8C108 /* View */ = {
			isa = PBXGroup;
			children = (
				9480379525A32F9000C8C108 /* Main.storyboard */,
				9480379825A32F9100C8C108 /* Assets.xcassets */,
				9480379A25A32F9100C8C108 /* LaunchScreen.storyboard */,
				9472A58125A4226F00C0D281 /* start.mov */,
			);
			path = View;
			sourceTree = "<group>";
		};
		948037AC25A3387100C8C108 /* Modle */ = {
			isa = PBXGroup;
			children = (
				9472A56525A40FF500C0D281 /* NewsItems.swift */,
			);
			path = Modle;
			sourceTree = "<group>";
		};
		FA73896F484806AE0622042F /* Pods */ = {
			isa = PBXGroup;
			children = (
				3D6AA08D61B8353F598C1616 /* Pods-AnimeNews.debug.xcconfig */,
				5AF74774274420B2A12C84DC /* Pods-AnimeNews.release.xcconfig */,
			);
			path = Pods;
			sourceTree = "<group>";
		};
/* End PBXGroup section */

/* Begin PBXNativeTarget section */
		9480378B25A32F9000C8C108 /* AnimeNews */ = {
			isa = PBXNativeTarget;
			buildConfigurationList = 948037A025A32F9100C8C108 /* Build configuration list for PBXNativeTarget "AnimeNews" */;
			buildPhases = (
				4B4AB9C5424364F1F77DB03B /* [CP] Check Pods Manifest.lock */,
				9480378825A32F9000C8C108 /* Sources */,
				9480378925A32F9000C8C108 /* Frameworks */,
				9480378A25A32F9000C8C108 /* Resources */,
				42CA3BCE4D82B5D2B9403009 /* [CP] Embed Pods Frameworks */,
			);
			buildRules = (
			);
			dependencies = (
			);
			name = AnimeNews;
			productName = AnimeNews;
			productReference = 9480378C25A32F9000C8C108 /* AnimeNews.app */;
			productType = "com.apple.product-type.application";
		};
/* End PBXNativeTarget section */

/* Begin PBXProject section */
		9480378425A32F9000C8C108 /* Project object */ = {
			isa = PBXProject;
			attributes = {
				LastSwiftUpdateCheck = 1230;
				LastUpgradeCheck = 1230;
				TargetAttributes = {
					9480378B25A32F9000C8C108 = {
						CreatedOnToolsVersion = 12.3;
					};
				};
			};
			buildConfigurationList = 9480378725A32F9000C8C108 /* Build configuration list for PBXProject "AnimeNews" */;
			compatibilityVersion = "Xcode 9.3";
			developmentRegion = en;
			hasScannedForEncodings = 0;
			knownRegions = (
				en,
				Base,
			);
			mainGroup = 9480378325A32F9000C8C108;
			productRefGroup = 9480378D25A32F9000C8C108 /* Products */;
			projectDirPath = "";
			projectRoot = "";
			targets = (
				9480378B25A32F9000C8C108 /* AnimeNews */,
			);
		};
/* End PBXProject section */

/* Begin PBXResourcesBuildPhase section */
		9480378A25A32F9000C8C108 /* Resources */ = {
			isa = PBXResourcesBuildPhase;
			buildActionMask = 2147483647;
			files = (
				948037B825A3396D00C8C108 /* 4.json in Resources */,
				948037B625A3396D00C8C108 /* 5.json in Resources */,
				9472A55A25A3F20900C0D281 /* 2.json in Resources */,
				9480379C25A32F9100C8C108 /* LaunchScreen.storyboard in Resources */,
				9480379925A32F9100C8C108 /* Assets.xcassets in Resources */,
				9472A55425A3F0B900C0D281 /* 1.json in Resources */,
				948037B725A3396D00C8C108 /* 6.json in Resources */,
				9472A58225A4226F00C0D281 /* start.mov in Resources */,
				948037B525A3396D00C8C108 /* 3.json in Resources */,
				9480379725A32F9000C8C108 /* Main.storyboard in Resources */,
			);
			runOnlyForDeploymentPostprocessing = 0;
		};
/* End PBXResourcesBuildPhase section */

/* Begin PBXShellScriptBuildPhase section */
		42CA3BCE4D82B5D2B9403009 /* [CP] Embed Pods Frameworks */ = {
			isa = PBXShellScriptBuildPhase;
			buildActionMask = 2147483647;
			files = (
			);
			inputFileListPaths = (
				"${PODS_ROOT}/Target Support Files/Pods-AnimeNews/Pods-AnimeNews-frameworks-${CONFIGURATION}-input-files.xcfilelist",
			);
			name = "[CP] Embed Pods Frameworks";
			outputFileListPaths = (
				"${PODS_ROOT}/Target Support Files/Pods-AnimeNews/Pods-AnimeNews-frameworks-${CONFIGURATION}-output-files.xcfilelist",
			);
			runOnlyForDeploymentPostprocessing = 0;
			shellPath = /bin/sh;
			shellScript = "\"${PODS_ROOT}/Target Support Files/Pods-AnimeNews/Pods-AnimeNews-frameworks.sh\"\n";
			showEnvVarsInLog = 0;
		};
		4B4AB9C5424364F1F77DB03B /* [CP] Check Pods Manifest.lock */ = {
			isa = PBXShellScriptBuildPhase;
			buildActionMask = 2147483647;
			files = (
			);
			inputFileListPaths = (
			);
			inputPaths = (
				"${PODS_PODFILE_DIR_PATH}/Podfile.lock",
				"${PODS_ROOT}/Manifest.lock",
			);
			name = "[CP] Check Pods Manifest.lock";
			outputFileListPaths = (
			);
			outputPaths = (
				"$(DERIVED_FILE_DIR)/Pods-AnimeNews-checkManifestLockResult.txt",
			);
			runOnlyForDeploymentPostprocessing = 0;
			shellPath = /bin/sh;
			shellScript = "diff \"${PODS_PODFILE_DIR_PATH}/Podfile.lock\" \"${PODS_ROOT}/Manifest.lock\" > /dev/null\nif [ $? != 0 ] ; then\n    # print error to STDERR\n    echo \"error: The sandbox is not in sync with the Podfile.lock. Run 'pod install' or update your CocoaPods installation.\" >&2\n    exit 1\nfi\n# This output is used by Xcode 'outputs' to avoid re-running this script phase.\necho \"SUCCESS\" > \"${SCRIPT_OUTPUT_FILE_0}\"\n";
			showEnvVarsInLog = 0;
		};
/* End PBXShellScriptBuildPhase section */

/* Begin PBXSourcesBuildPhase section */
		9480378825A32F9000C8C108 /* Sources */ = {
			isa = PBXSourcesBuildPhase;
			buildActionMask = 2147483647;
			files = (
				9472A56025A4003900C0D281 /* BaseViewController.swift in Sources */,
				9472A56625A40FF500C0D281 /* NewsItems.swift in Sources */,
				948037BC25A339BF00C8C108 /* IntroViewController.swift in Sources */,
				9472A57025A41E7900C0D281 /* Page3ViewController.swift in Sources */,
				9472A55D25A3F6C700C0D281 /* LoginMovieViewController.swift in Sources */,
				9472A57625A41EC400C0D281 /* Page5ViewController.swift in Sources */,
				9472A56D25A41E0200C0D281 /* Page2ViewController.swift in Sources */,
				9472A56325A4061400C0D281 /* Page1ViewController.swift in Sources */,
				9480379025A32F9000C8C108 /* AppDelegate.swift in Sources */,
				9472A57325A41EAB00C0D281 /* Page4ViewController.swift in Sources */,
				9472A57925A41F0200C0D281 /* Page6ViewController.swift in Sources */,
				9480379225A32F9000C8C108 /* SceneDelegate.swift in Sources */,
				9472A56A25A41A1900C0D281 /* WebViewController.swift in Sources */,
			);
			runOnlyForDeploymentPostprocessing = 0;
		};
/* End PBXSourcesBuildPhase section */

/* Begin PBXVariantGroup section */
		9480379525A32F9000C8C108 /* Main.storyboard */ = {
			isa = PBXVariantGroup;
			children = (
				9480379625A32F9000C8C108 /* Base */,
			);
			name = Main.storyboard;
			sourceTree = "<group>";
		};
		9480379A25A32F9100C8C108 /* LaunchScreen.storyboard */ = {
			isa = PBXVariantGroup;
			children = (
				9480379B25A32F9100C8C108 /* Base */,
			);
			name = LaunchScreen.storyboard;
			sourceTree = "<group>";
		};
/* End PBXVariantGroup section */

/* Begin XCBuildConfiguration section */
		9480379E25A32F9100C8C108 /* Debug */ = {
			isa = XCBuildConfiguration;
			buildSettings = {
				ALWAYS_SEARCH_USER_PATHS = NO;
				CLANG_ANALYZER_NONNULL = YES;
				CLANG_ANALYZER_NUMBER_OBJECT_CONVERSION = YES_AGGRESSIVE;
				CLANG_CXX_LANGUAGE_STANDARD = "gnu++14";
				CLANG_CXX_LIBRARY = "libc++";
				CLANG_ENABLE_MODULES = YES;
				CLANG_ENABLE_OBJC_ARC = YES;
				CLANG_ENABLE_OBJC_WEAK = YES;
				CLANG_WARN_BLOCK_CAPTURE_AUTORELEASING = YES;
				CLANG_WARN_BOOL_CONVERSION = YES;
				CLANG_WARN_COMMA = YES;
				CLANG_WARN_CONSTANT_CONVERSION = YES;
				CLANG_WARN_DEPRECATED_OBJC_IMPLEMENTATIONS = YES;
				CLANG_WARN_DIRECT_OBJC_ISA_USAGE = YES_ERROR;
				CLANG_WARN_DOCUMENTATION_COMMENTS = YES;
				CLANG_WARN_EMPTY_BODY = YES;
				CLANG_WARN_ENUM_CONVERSION = YES;
				CLANG_WARN_INFINITE_RECURSION = YES;
				CLANG_WARN_INT_CONVERSION = YES;
				CLANG_WARN_NON_LITERAL_NULL_CONVERSION = YES;
				CLANG_WARN_OBJC_IMPLICIT_RETAIN_SELF = YES;
				CLANG_WARN_OBJC_LITERAL_CONVERSION = YES;
				CLANG_WARN_OBJC_ROOT_CLASS = YES_ERROR;
				CLANG_WARN_QUOTED_INCLUDE_IN_FRAMEWORK_HEADER = YES;
				CLANG_WARN_RANGE_LOOP_ANALYSIS = YES;
				CLANG_WARN_STRICT_PROTOTYPES = YES;
				CLANG_WARN_SUSPICIOUS_MOVE = YES;
				CLANG_WARN_UNGUARDED_AVAILABILITY = YES_AGGRESSIVE;
				CLANG_WARN_UNREACHABLE_CODE = YES;
				CLANG_WARN__DUPLICATE_METHOD_MATCH = YES;
				COPY_PHASE_STRIP = NO;
				DEBUG_INFORMATION_FORMAT = dwarf;
				ENABLE_STRICT_OBJC_MSGSEND = YES;
				ENABLE_TESTABILITY = YES;
				GCC_C_LANGUAGE_STANDARD = gnu11;
				GCC_DYNAMIC_NO_PIC = NO;
				GCC_NO_COMMON_BLOCKS = YES;
				GCC_OPTIMIZATION_LEVEL = 0;
				GCC_PREPROCESSOR_DEFINITIONS = (
					"DEBUG=1",
					"$(inherited)",
				);
				GCC_WARN_64_TO_32_BIT_CONVERSION = YES;
				GCC_WARN_ABOUT_RETURN_TYPE = YES_ERROR;
				GCC_WARN_UNDECLARED_SELECTOR = YES;
				GCC_WARN_UNINITIALIZED_AUTOS = YES_AGGRESSIVE;
				GCC_WARN_UNUSED_FUNCTION = YES;
				GCC_WARN_UNUSED_VARIABLE = YES;
				IPHONEOS_DEPLOYMENT_TARGET = 14.3;
				MTL_ENABLE_DEBUG_INFO = INCLUDE_SOURCE;
				MTL_FAST_MATH = YES;
				ONLY_ACTIVE_ARCH = YES;
				SDKROOT = iphoneos;
				SWIFT_ACTIVE_COMPILATION_CONDITIONS = DEBUG;
				SWIFT_OPTIMIZATION_LEVEL = "-Onone";
			};
			name = Debug;
		};
		9480379F25A32F9100C8C108 /* Release */ = {
			isa = XCBuildConfiguration;
			buildSettings = {
				ALWAYS_SEARCH_USER_PATHS = NO;
				CLANG_ANALYZER_NONNULL = YES;
				CLANG_ANALYZER_NUMBER_OBJECT_CONVERSION = YES_AGGRESSIVE;
				CLANG_CXX_LANGUAGE_STANDARD = "gnu++14";
				CLANG_CXX_LIBRARY = "libc++";
				CLANG_ENABLE_MODULES = YES;
				CLANG_ENABLE_OBJC_ARC = YES;
				CLANG_ENABLE_OBJC_WEAK = YES;
				CLANG_WARN_BLOCK_CAPTURE_AUTORELEASING = YES;
				CLANG_WARN_BOOL_CONVERSION = YES;
				CLANG_WARN_COMMA = YES;
				CLANG_WARN_CONSTANT_CONVERSION = YES;
				CLANG_WARN_DEPRECATED_OBJC_IMPLEMENTATIONS = YES;
				CLANG_WARN_DIRECT_OBJC_ISA_USAGE = YES_ERROR;
				CLANG_WARN_DOCUMENTATION_COMMENTS = YES;
				CLANG_WARN_EMPTY_BODY = YES;
				CLANG_WARN_ENUM_CONVERSION = YES;
				CLANG_WARN_INFINITE_RECURSION = YES;
				CLANG_WARN_INT_CONVERSION = YES;
				CLANG_WARN_NON_LITERAL_NULL_CONVERSION = YES;
				CLANG_WARN_OBJC_IMPLICIT_RETAIN_SELF = YES;
				CLANG_WARN_OBJC_LITERAL_CONVERSION = YES;
				CLANG_WARN_OBJC_ROOT_CLASS = YES_ERROR;
				CLANG_WARN_QUOTED_INCLUDE_IN_FRAMEWORK_HEADER = YES;
				CLANG_WARN_RANGE_LOOP_ANALYSIS = YES;
				CLANG_WARN_STRICT_PROTOTYPES = YES;
				CLANG_WARN_SUSPICIOUS_MOVE = YES;
				CLANG_WARN_UNGUARDED_AVAILABILITY = YES_AGGRESSIVE;
				CLANG_WARN_UNREACHABLE_CODE = YES;
				CLANG_WARN__DUPLICATE_METHOD_MATCH = YES;
				COPY_PHASE_STRIP = NO;
				DEBUG_INFORMATION_FORMAT = "dwarf-with-dsym";
				ENABLE_NS_ASSERTIONS = NO;
				ENABLE_STRICT_OBJC_MSGSEND = YES;
				GCC_C_LANGUAGE_STANDARD = gnu11;
				GCC_NO_COMMON_BLOCKS = YES;
				GCC_WARN_64_TO_32_BIT_CONVERSION = YES;
				GCC_WARN_ABOUT_RETURN_TYPE = YES_ERROR;
				GCC_WARN_UNDECLARED_SELECTOR = YES;
				GCC_WARN_UNINITIALIZED_AUTOS = YES_AGGRESSIVE;
				GCC_WARN_UNUSED_FUNCTION = YES;
				GCC_WARN_UNUSED_VARIABLE = YES;
				IPHONEOS_DEPLOYMENT_TARGET = 14.3;
				MTL_ENABLE_DEBUG_INFO = NO;
				MTL_FAST_MATH = YES;
				SDKROOT = iphoneos;
				SWIFT_COMPILATION_MODE = wholemodule;
				SWIFT_OPTIMIZATION_LEVEL = "-O";
				VALIDATE_PRODUCT = YES;
			};
			name = Release;
		};
		948037A125A32F9100C8C108 /* Debug */ = {
			isa = XCBuildConfiguration;
			baseConfigurationReference = 3D6AA08D61B8353F598C1616 /* Pods-AnimeNews.debug.xcconfig */;
			buildSettings = {
				ASSETCATALOG_COMPILER_APPICON_NAME = AppIcon;
				ASSETCATALOG_COMPILER_GLOBAL_ACCENT_COLOR_NAME = AccentColor;
				CODE_SIGN_STYLE = Automatic;
				DEVELOPMENT_TEAM = D453TST7T9;
				INFOPLIST_FILE = AnimeNews/Info.plist;
				IPHONEOS_DEPLOYMENT_TARGET = 14.2;
				LD_RUNPATH_SEARCH_PATHS = (
					"$(inherited)",
					"@executable_path/Frameworks",
				);
				PRODUCT_BUNDLE_IDENTIFIER = Iseryuiseki.AnimeNews;
				PRODUCT_NAME = "$(TARGET_NAME)";
				SWIFT_VERSION = 5.0;
				TARGETED_DEVICE_FAMILY = 1;
			};
			name = Debug;
		};
		948037A225A32F9100C8C108 /* Release */ = {
			isa = XCBuildConfiguration;
			baseConfigurationReference = 5AF74774274420B2A12C84DC /* Pods-AnimeNews.release.xcconfig */;
			buildSettings = {
				ASSETCATALOG_COMPILER_APPICON_NAME = AppIcon;
				ASSETCATALOG_COMPILER_GLOBAL_ACCENT_COLOR_NAME = AccentColor;
				CODE_SIGN_STYLE = Automatic;
				DEVELOPMENT_TEAM = D453TST7T9;
				INFOPLIST_FILE = AnimeNews/Info.plist;
				IPHONEOS_DEPLOYMENT_TARGET = 14.2;
				LD_RUNPATH_SEARCH_PATHS = (
					"$(inherited)",
					"@executable_path/Frameworks",
				);
				PRODUCT_BUNDLE_IDENTIFIER = Iseryuiseki.AnimeNews;
				PRODUCT_NAME = "$(TARGET_NAME)";
				SWIFT_VERSION = 5.0;
				TARGETED_DEVICE_FAMILY = 1;
			};
			name = Release;
		};
/* End XCBuildConfiguration section */

/* Begin XCConfigurationList section */
		9480378725A32F9000C8C108 /* Build configuration list for PBXProject "AnimeNews" */ = {
			isa = XCConfigurationList;
			buildConfigurations = (
				9480379E25A32F9100C8C108 /* Debug */,
				9480379F25A32F9100C8C108 /* Release */,
			);
			defaultConfigurationIsVisible = 0;
			defaultConfigurationName = Release;
		};
		948037A025A32F9100C8C108 /* Build configuration list for PBXNativeTarget "AnimeNews" */ = {
			isa = XCConfigurationList;
			buildConfigurations = (
				948037A125A32F9100C8C108 /* Debug */,
				948037A225A32F9100C8C108 /* Release */,
			);
			defaultConfigurationIsVisible = 0;
			defaultConfigurationName = Release;
		};
/* End XCConfigurationList section */
	};
	rootObject = 9480378425A32F9000C8C108 /* Project object */;
}
